
Microsoft Visual Studio Solution File, Format Version 12.00
# Visual Studio Version 16
VisualStudioVersion = 16.0.30621.155
MinimumVisualStudioVersion = 10.0.40219.1
Project("{FAE04EC0-301F-11D3-BF4B-00C04F79EFBC}") = "Paint", "Paint\Paint.csproj", "{B50CDB6F-1A9A-47BB-8C90-0EA448363BFF}"
EndProject
Global
	GlobalSection(SolutionConfigurationPlatforms) = preSolution
		Debug|Any CPU = Debug|Any CPU
		Release|Any CPU = Release|Any CPU
	EndGlobalSection
	GlobalSection(ProjectConfigurationPlatforms) = postSolution
		{B50CDB6F-1A9A-47BB-8C90-0EA448363BFF}.Debug|Any CPU.ActiveCfg = Debug|Any CPU
		{B50CDB6F-1A9A-47BB-8C90-0EA448363BFF}.Debug|Any CPU.Build.0 = Debug|Any CPU
		{B50CDB6F-1A9A-47BB-8C90-0EA448363BFF}.Release|Any CPU.ActiveCfg = Release|Any CPU
		{B50CDB6F-1A9A-47BB-8C90-0EA448363BFF}.Release|Any CPU.Build.0 = Release|Any CPU
	EndGlobalSection
	GlobalSection(SolutionProperties) = preSolution
		HideSolutionNode = FALSE
	EndGlobalSection
	GlobalSection(ExtensibilityGlobals) = postSolution
		SolutionGuid = {11A2AFA3-B14C-410B-9569-5CF11159CF82}
	EndGlobalSection
EndGlobal
